
Microsoft Visual Studio Solution File, Format Version 12.00
# Visual Studio Version 17
VisualStudioVersion = 17.1.32407.343
MinimumVisualStudioVersion = 10.0.40219.1
Project("{FAE04EC0-301F-11D3-BF4B-00C04F79EFBC}") = "ETC1Converter", "ETC1Converter\ETC1Converter.csproj", "{53100E38-77C2-4151-98B3-ABBCE91DB177}"
EndProject
Project("{9A19103F-16F7-4668-BE54-9A1E7A4F7556}") = "AssetsTools.NET", "AssetsTools.NET\AssetTools.NET\AssetsTools.NET.csproj", "{361746DF-2139-4FFE-A378-8E5C89425F27}"
EndProject
Global
	GlobalSection(SolutionConfigurationPlatforms) = preSolution
		Debug|Any CPU = Debug|Any CPU
		Debug|x64 = Debug|x64
		Debug|x86 = Debug|x86
		Release|Any CPU = Release|Any CPU
		Release|x64 = Release|x64
		Release|x86 = Release|x86
	EndGlobalSection
	GlobalSection(ProjectConfigurationPlatforms) = postSolution
		{53100E38-77C2-4151-98B3-ABBCE91DB177}.Debug|Any CPU.ActiveCfg = Debug|Any CPU
		{53100E38-77C2-4151-98B3-ABBCE91DB177}.Debug|Any CPU.Build.0 = Debug|Any CPU
		{53100E38-77C2-4151-98B3-ABBCE91DB177}.Debug|x64.ActiveCfg = Debug|Any CPU
		{53100E38-77C2-4151-98B3-ABBCE91DB177}.Debug|x64.Build.0 = Debug|Any CPU
		{53100E38-77C2-4151-98B3-ABBCE91DB177}.Debug|x86.ActiveCfg = Debug|Any CPU
		{53100E38-77C2-4151-98B3-ABBCE91DB177}.Debug|x86.Build.0 = Debug|Any CPU
		{53100E38-77C2-4151-98B3-ABBCE91DB177}.Release|Any CPU.ActiveCfg = Release|Any CPU
		{53100E38-77C2-4151-98B3-ABBCE91DB177}.Release|Any CPU.Build.0 = Release|Any CPU
		{53100E38-77C2-4151-98B3-ABBCE91DB177}.Release|x64.ActiveCfg = Release|Any CPU
		{53100E38-77C2-4151-98B3-ABBCE91DB177}.Release|x64.Build.0 = Release|Any CPU
		{53100E38-77C2-4151-98B3-ABBCE91DB177}.Release|x86.ActiveCfg = Release|Any CPU
		{53100E38-77C2-4151-98B3-ABBCE91DB177}.Release|x86.Build.0 = Release|Any CPU
		{361746DF-2139-4FFE-A378-8E5C89425F27}.Debug|Any CPU.ActiveCfg = Debug|Any CPU
		{361746DF-2139-4FFE-A378-8E5C89425F27}.Debug|Any CPU.Build.0 = Debug|Any CPU
		{361746DF-2139-4FFE-A378-8E5C89425F27}.Debug|x64.ActiveCfg = Debug|Any CPU
		{361746DF-2139-4FFE-A378-8E5C89425F27}.Debug|x64.Build.0 = Debug|Any CPU
		{361746DF-2139-4FFE-A378-8E5C89425F27}.Debug|x86.ActiveCfg = Debug|Any CPU
		{361746DF-2139-4FFE-A378-8E5C89425F27}.Debug|x86.Build.0 = Debug|Any CPU
		{361746DF-2139-4FFE-A378-8E5C89425F27}.Release|Any CPU.ActiveCfg = Release|Any CPU
		{361746DF-2139-4FFE-A378-8E5C89425F27}.Release|Any CPU.Build.0 = Release|Any CPU
		{361746DF-2139-4FFE-A378-8E5C89425F27}.Release|x64.ActiveCfg = Release|Any CPU
		{361746DF-2139-4FFE-A378-8E5C89425F27}.Release|x64.Build.0 = Release|Any CPU
		{361746DF-2139-4FFE-A378-8E5C89425F27}.Release|x86.ActiveCfg = Release|Any CPU
		{361746DF-2139-4FFE-A378-8E5C89425F27}.Release|x86.Build.0 = Release|Any CPU
	EndGlobalSection
	GlobalSection(SolutionProperties) = preSolution
		HideSolutionNode = FALSE
	EndGlobalSection
	GlobalSection(ExtensibilityGlobals) = postSolution
		SolutionGuid = {53B5D524-B7D1-4A8F-9333-F02FA815EB58}
	EndGlobalSection
EndGlobal
